
Microsoft Visual Studio Solution File, Format Version 12.00
# Visual Studio 2012
Project("{FAE04EC0-301F-11D3-BF4B-00C04F79EFBC}") = "Week 2 Code Challenge", "Week 2 Code Challenge\Week 2 Code Challenge.csproj", "{C4911F1F-ED6F-48BA-949F-0ADAF95C32CA}"
EndProject
Global
	GlobalSection(SolutionConfigurationPlatforms) = preSolution
		Debug|Any CPU = Debug|Any CPU
		Release|Any CPU = Release|Any CPU
	EndGlobalSection
	GlobalSection(ProjectConfigurationPlatforms) = postSolution
		{C4911F1F-ED6F-48BA-949F-0ADAF95C32CA}.Debug|Any CPU.ActiveCfg = Debug|Any CPU
		{C4911F1F-ED6F-48BA-949F-0ADAF95C32CA}.Debug|Any CPU.Build.0 = Debug|Any CPU
		{C4911F1F-ED6F-48BA-949F-0ADAF95C32CA}.Release|Any CPU.ActiveCfg = Release|Any CPU
		{C4911F1F-ED6F-48BA-949F-0ADAF95C32CA}.Release|Any CPU.Build.0 = Release|Any CPU
	EndGlobalSection
	GlobalSection(SolutionProperties) = preSolution
		HideSolutionNode = FALSE
	EndGlobalSection
EndGlobal
